
Microsoft Visual Studio Solution File, Format Version 12.00
# Visual Studio 15
VisualStudioVersion = 15.0.27004.2002
MinimumVisualStudioVersion = 10.0.40219.1
Project("{FAE04EC0-301F-11D3-BF4B-00C04F79EFBC}") = "mountainPool", "mountainPool\mountainPool.csproj", "{8C558AB4-2277-4927-96BB-84E1F8B1B8D1}"
EndProject
Project("{FAE04EC0-301F-11D3-BF4B-00C04F79EFBC}") = "UnitTestMountainPool", "UnitTestMountainPool\UnitTestMountainPool.csproj", "{1FC3FF37-636C-4971-B651-8CBEE0639CCA}"
EndProject
Global
	GlobalSection(SolutionConfigurationPlatforms) = preSolution
		Debug|Any CPU = Debug|Any CPU
		Release|Any CPU = Release|Any CPU
	EndGlobalSection
	GlobalSection(ProjectConfigurationPlatforms) = postSolution
		{8C558AB4-2277-4927-96BB-84E1F8B1B8D1}.Debug|Any CPU.ActiveCfg = Debug|Any CPU
		{8C558AB4-2277-4927-96BB-84E1F8B1B8D1}.Debug|Any CPU.Build.0 = Debug|Any CPU
		{8C558AB4-2277-4927-96BB-84E1F8B1B8D1}.Release|Any CPU.ActiveCfg = Release|Any CPU
		{8C558AB4-2277-4927-96BB-84E1F8B1B8D1}.Release|Any CPU.Build.0 = Release|Any CPU
		{1FC3FF37-636C-4971-B651-8CBEE0639CCA}.Debug|Any CPU.ActiveCfg = Debug|Any CPU
		{1FC3FF37-636C-4971-B651-8CBEE0639CCA}.Debug|Any CPU.Build.0 = Debug|Any CPU
		{1FC3FF37-636C-4971-B651-8CBEE0639CCA}.Release|Any CPU.ActiveCfg = Release|Any CPU
		{1FC3FF37-636C-4971-B651-8CBEE0639CCA}.Release|Any CPU.Build.0 = Release|Any CPU
	EndGlobalSection
	GlobalSection(SolutionProperties) = preSolution
		HideSolutionNode = FALSE
	EndGlobalSection
	GlobalSection(ExtensibilityGlobals) = postSolution
		SolutionGuid = {F89DFE8E-B381-4391-9D80-4E3E987B52C3}
	EndGlobalSection
EndGlobal
